
Microsoft Visual Studio Solution File, Format Version 12.00
# Visual Studio Version 17
VisualStudioVersion = 17.4.33205.214
MinimumVisualStudioVersion = 10.0.40219.1
Project("{FAE04EC0-301F-11D3-BF4B-00C04F79EFBC}") = "ConsoleApp45", "ConsoleApp45\ConsoleApp45.csproj", "{86BE0131-48BF-4FD4-ADCB-A95B915FA3ED}"
EndProject
Global
	GlobalSection(SolutionConfigurationPlatforms) = preSolution
		Debug|Any CPU = Debug|Any CPU
		Release|Any CPU = Release|Any CPU
	EndGlobalSection
	GlobalSection(ProjectConfigurationPlatforms) = postSolution
		{86BE0131-48BF-4FD4-ADCB-A95B915FA3ED}.Debug|Any CPU.ActiveCfg = Debug|Any CPU
		{86BE0131-48BF-4FD4-ADCB-A95B915FA3ED}.Debug|Any CPU.Build.0 = Debug|Any CPU
		{86BE0131-48BF-4FD4-ADCB-A95B915FA3ED}.Release|Any CPU.ActiveCfg = Release|Any CPU
		{86BE0131-48BF-4FD4-ADCB-A95B915FA3ED}.Release|Any CPU.Build.0 = Release|Any CPU
	EndGlobalSection
	GlobalSection(SolutionProperties) = preSolution
		HideSolutionNode = FALSE
	EndGlobalSection
	GlobalSection(ExtensibilityGlobals) = postSolution
		SolutionGuid = {4655A20B-A9D9-4FA2-8C99-48F3EED638D7}
	EndGlobalSection
EndGlobal
