
Microsoft Visual Studio Solution File, Format Version 12.00
# Visual Studio Version 17
VisualStudioVersion = 17.4.33213.308
MinimumVisualStudioVersion = 10.0.40219.1
Project("{FAE04EC0-301F-11D3-BF4B-00C04F79EFBC}") = "MVCDemo2", "MVCDemo2\MVCDemo2.csproj", "{1E3C5E72-FEAA-4A4E-AE03-D9A7AC6A7B10}"
EndProject
Global
	GlobalSection(SolutionConfigurationPlatforms) = preSolution
		Debug|Any CPU = Debug|Any CPU
		Release|Any CPU = Release|Any CPU
	EndGlobalSection
	GlobalSection(ProjectConfigurationPlatforms) = postSolution
		{1E3C5E72-FEAA-4A4E-AE03-D9A7AC6A7B10}.Debug|Any CPU.ActiveCfg = Debug|Any CPU
		{1E3C5E72-FEAA-4A4E-AE03-D9A7AC6A7B10}.Debug|Any CPU.Build.0 = Debug|Any CPU
		{1E3C5E72-FEAA-4A4E-AE03-D9A7AC6A7B10}.Release|Any CPU.ActiveCfg = Release|Any CPU
		{1E3C5E72-FEAA-4A4E-AE03-D9A7AC6A7B10}.Release|Any CPU.Build.0 = Release|Any CPU
	EndGlobalSection
	GlobalSection(SolutionProperties) = preSolution
		HideSolutionNode = FALSE
	EndGlobalSection
	GlobalSection(ExtensibilityGlobals) = postSolution
		SolutionGuid = {8286B5C8-7F8E-4A47-BBA8-ED3A28E90B69}
	EndGlobalSection
EndGlobal
