
Microsoft Visual Studio Solution File, Format Version 12.00
# Visual Studio Version 17
VisualStudioVersion = 17.4.33205.214
MinimumVisualStudioVersion = 10.0.40219.1
Project("{FAE04EC0-301F-11D3-BF4B-00C04F79EFBC}") = "ConsoleApp32", "ConsoleApp32\ConsoleApp32.csproj", "{85F7DB13-FD4F-4EB8-9F89-D1864E7B5E7D}"
EndProject
Global
	GlobalSection(SolutionConfigurationPlatforms) = preSolution
		Debug|Any CPU = Debug|Any CPU
		Release|Any CPU = Release|Any CPU
	EndGlobalSection
	GlobalSection(ProjectConfigurationPlatforms) = postSolution
		{85F7DB13-FD4F-4EB8-9F89-D1864E7B5E7D}.Debug|Any CPU.ActiveCfg = Debug|Any CPU
		{85F7DB13-FD4F-4EB8-9F89-D1864E7B5E7D}.Debug|Any CPU.Build.0 = Debug|Any CPU
		{85F7DB13-FD4F-4EB8-9F89-D1864E7B5E7D}.Release|Any CPU.ActiveCfg = Release|Any CPU
		{85F7DB13-FD4F-4EB8-9F89-D1864E7B5E7D}.Release|Any CPU.Build.0 = Release|Any CPU
	EndGlobalSection
	GlobalSection(SolutionProperties) = preSolution
		HideSolutionNode = FALSE
	EndGlobalSection
	GlobalSection(ExtensibilityGlobals) = postSolution
		SolutionGuid = {5A0BB325-BF3B-4D5D-B00D-E6AEBEF6E185}
	EndGlobalSection
EndGlobal
